// !$*UTF8*$!
{
	archiveVersion = 1;
	classes = {
	};
	objectVersion = 50;
	objects = {

/* Begin PBXBuildFile section */
		B485AE182435D8BF007685E6 /* AppDelegate.m in Sources */ = {isa = PBXBuildFile; fileRef = B485AE172435D8BF007685E6 /* AppDelegate.m */; };
		B485AE1B2435D8BF007685E6 /* SceneDelegate.m in Sources */ = {isa = PBXBuildFile; fileRef = B485AE1A2435D8BF007685E6 /* SceneDelegate.m */; };
		B485AE1E2435D8BF007685E6 /* ViewController.m in Sources */ = {isa = PBXBuildFile; fileRef = B485AE1D2435D8BF007685E6 /* ViewController.m */; };
		B485AE212435D8C0007685E6 /* Main.storyboard in Resources */ = {isa = PBXBuildFile; fileRef = B485AE1F2435D8C0007685E6 /* Main.storyboard */; };
		B485AE232435D8CD007685E6 /* Assets.xcassets in Resources */ = {isa = PBXBuildFile; fileRef = B485AE222435D8CD007685E6 /* Assets.xcassets */; };
		B485AE262435D8CD007685E6 /* LaunchScreen.storyboard in Resources */ = {isa = PBXBuildFile; fileRef = B485AE242435D8CD007685E6 /* LaunchScreen.storyboard */; };
		B485AE292435D8CD007685E6 /* main.m in Sources */ = {isa = PBXBuildFile; fileRef = B485AE282435D8CD007685E6 /* main.m */; };
		B485AE332435D8CD007685E6 /* MZAuthenticationTests.m in Sources */ = {isa = PBXBuildFile; fileRef = B485AE322435D8CD007685E6 /* MZAuthenticationTests.m */; };
		B485AE3E2435D8CD007685E6 /* MZAuthenticationUITests.m in Sources */ = {isa = PBXBuildFile; fileRef = B485AE3D2435D8CD007685E6 /* MZAuthenticationUITests.m */; };
		B485AE4E2435DA1C007685E6 /* MZAuthentication.m in Sources */ = {isa = PBXBuildFile; fileRef = B485AE4D2435DA1C007685E6 /* MZAuthentication.m */; };
/* End PBXBuildFile section */

/* Begin PBXContainerItemProxy section */
		B485AE2F2435D8CD007685E6 /* PBXContainerItemProxy */ = {
			isa = PBXContainerItemProxy;
			containerPortal = B485AE0B2435D8BF007685E6 /* Project object */;
			proxyType = 1;
			remoteGlobalIDString = B485AE122435D8BF007685E6;
			remoteInfo = MZFingerPrintVerify;
		};
		B485AE3A2435D8CD007685E6 /* PBXContainerItemProxy */ = {
			isa = PBXContainerItemProxy;
			containerPortal = B485AE0B2435D8BF007685E6 /* Project object */;
			proxyType = 1;
			remoteGlobalIDString = B485AE122435D8BF007685E6;
			remoteInfo = MZFingerPrintVerify;
		};
/* End PBXContainerItemProxy section */

/* Begin PBXFileReference section */
		B485AE132435D8BF007685E6 /* MZAuthentication.app */ = {isa = PBXFileReference; explicitFileType = wrapper.application; includeInIndex = 0; path = MZAuthentication.app; sourceTree = BUILT_PRODUCTS_DIR; };
		B485AE162435D8BF007685E6 /* AppDelegate.h */ = {isa = PBXFileReference; lastKnownFileType = sourcecode.c.h; path = AppDelegate.h; sourceTree = "<group>"; };
		B485AE172435D8BF007685E6 /* AppDelegate.m */ = {isa = PBXFileReference; lastKnownFileType = sourcecode.c.objc; path = AppDelegate.m; sourceTree = "<group>"; };
		B485AE192435D8BF007685E6 /* SceneDelegate.h */ = {isa = PBXFileReference; lastKnownFileType = sourcecode.c.h; path = SceneDelegate.h; sourceTree = "<group>"; };
		B485AE1A2435D8BF007685E6 /* SceneDelegate.m */ = {isa = PBXFileReference; lastKnownFileType = sourcecode.c.objc; path = SceneDelegate.m; sourceTree = "<group>"; };
		B485AE1C2435D8BF007685E6 /* ViewController.h */ = {isa = PBXFileReference; lastKnownFileType = sourcecode.c.h; path = ViewController.h; sourceTree = "<group>"; };
		B485AE1D2435D8BF007685E6 /* ViewController.m */ = {isa = PBXFileReference; lastKnownFileType = sourcecode.c.objc; path = ViewController.m; sourceTree = "<group>"; };
		B485AE202435D8C0007685E6 /* Base */ = {isa = PBXFileReference; lastKnownFileType = file.storyboard; name = Base; path = Base.lproj/Main.storyboard; sourceTree = "<group>"; };
		B485AE222435D8CD007685E6 /* Assets.xcassets */ = {isa = PBXFileReference; lastKnownFileType = folder.assetcatalog; path = Assets.xcassets; sourceTree = "<group>"; };
		B485AE252435D8CD007685E6 /* Base */ = {isa = PBXFileReference; lastKnownFileType = file.storyboard; name = Base; path = Base.lproj/LaunchScreen.storyboard; sourceTree = "<group>"; };
		B485AE272435D8CD007685E6 /* Info.plist */ = {isa = PBXFileReference; lastKnownFileType = text.plist.xml; path = Info.plist; sourceTree = "<group>"; };
		B485AE282435D8CD007685E6 /* main.m */ = {isa = PBXFileReference; lastKnownFileType = sourcecode.c.objc; path = main.m; sourceTree = "<group>"; };
		B485AE2E2435D8CD007685E6 /* MZAuthenticationTests.xctest */ = {isa = PBXFileReference; explicitFileType = wrapper.cfbundle; includeInIndex = 0; path = MZAuthenticationTests.xctest; sourceTree = BUILT_PRODUCTS_DIR; };
		B485AE322435D8CD007685E6 /* MZAuthenticationTests.m */ = {isa = PBXFileReference; lastKnownFileType = sourcecode.c.objc; path = MZAuthenticationTests.m; sourceTree = "<group>"; };
		B485AE342435D8CD007685E6 /* Info.plist */ = {isa = PBXFileReference; lastKnownFileType = text.plist.xml; path = Info.plist; sourceTree = "<group>"; };
		B485AE392435D8CD007685E6 /* MZAuthenticationUITests.xctest */ = {isa = PBXFileReference; explicitFileType = wrapper.cfbundle; includeInIndex = 0; path = MZAuthenticationUITests.xctest; sourceTree = BUILT_PRODUCTS_DIR; };
		B485AE3D2435D8CD007685E6 /* MZAuthenticationUITests.m */ = {isa = PBXFileReference; lastKnownFileType = sourcecode.c.objc; path = MZAuthenticationUITests.m; sourceTree = "<group>"; };
		B485AE3F2435D8CD007685E6 /* Info.plist */ = {isa = PBXFileReference; lastKnownFileType = text.plist.xml; path = Info.plist; sourceTree = "<group>"; };
		B485AE4C2435DA1C007685E6 /* MZAuthentication.h */ = {isa = PBXFileReference; lastKnownFileType = sourcecode.c.h; path = MZAuthentication.h; sourceTree = "<group>"; };
		B485AE4D2435DA1C007685E6 /* MZAuthentication.m */ = {isa = PBXFileReference; lastKnownFileType = sourcecode.c.objc; path = MZAuthentication.m; sourceTree = "<group>"; };
/* End PBXFileReference section */

/* Begin PBXFrameworksBuildPhase section */
		B485AE102435D8BF007685E6 /* Frameworks */ = {
			isa = PBXFrameworksBuildPhase;
			buildActionMask = 2147483647;
			files = (
			);
			runOnlyForDeploymentPostprocessing = 0;
		};
		B485AE2B2435D8CD007685E6 /* Frameworks */ = {
			isa = PBXFrameworksBuildPhase;
			buildActionMask = 2147483647;
			files = (
			);
			runOnlyForDeploymentPostprocessing = 0;
		};
		B485AE362435D8CD007685E6 /* Frameworks */ = {
			isa = PBXFrameworksBuildPhase;
			buildActionMask = 2147483647;
			files = (
			);
			runOnlyForDeploymentPostprocessing = 0;
		};
/* End PBXFrameworksBuildPhase section */

/* Begin PBXGroup section */
		B485AE0A2435D8BF007685E6 = {
			isa = PBXGroup;
			children = (
				B485AE152435D8BF007685E6 /* MZAuthentication */,
				B485AE312435D8CD007685E6 /* MZAuthenticationTests */,
				B485AE3C2435D8CD007685E6 /* MZAuthenticationUITests */,
				B485AE142435D8BF007685E6 /* Products */,
			);
			sourceTree = "<group>";
		};
		B485AE142435D8BF007685E6 /* Products */ = {
			isa = PBXGroup;
			children = (
				B485AE132435D8BF007685E6 /* MZAuthentication.app */,
				B485AE2E2435D8CD007685E6 /* MZAuthenticationTests.xctest */,
				B485AE392435D8CD007685E6 /* MZAuthenticationUITests.xctest */,
			);
			name = Products;
			sourceTree = "<group>";
		};
		B485AE152435D8BF007685E6 /* MZAuthentication */ = {
			isa = PBXGroup;
			children = (
				B485AE4B2435D8EC007685E6 /* 身份认证(指纹、面容) */,
				B485AE162435D8BF007685E6 /* AppDelegate.h */,
				B485AE172435D8BF007685E6 /* AppDelegate.m */,
				B485AE192435D8BF007685E6 /* SceneDelegate.h */,
				B485AE1A2435D8BF007685E6 /* SceneDelegate.m */,
				B485AE1C2435D8BF007685E6 /* ViewController.h */,
				B485AE1D2435D8BF007685E6 /* ViewController.m */,
				B485AE1F2435D8C0007685E6 /* Main.storyboard */,
				B485AE222435D8CD007685E6 /* Assets.xcassets */,
				B485AE242435D8CD007685E6 /* LaunchScreen.storyboard */,
				B485AE272435D8CD007685E6 /* Info.plist */,
				B485AE282435D8CD007685E6 /* main.m */,
			);
			path = MZAuthentication;
			sourceTree = "<group>";
		};
		B485AE312435D8CD007685E6 /* MZAuthenticationTests */ = {
			isa = PBXGroup;
			children = (
				B485AE322435D8CD007685E6 /* MZAuthenticationTests.m */,
				B485AE342435D8CD007685E6 /* Info.plist */,
			);
			path = MZAuthenticationTests;
			sourceTree = "<group>";
		};
		B485AE3C2435D8CD007685E6 /* MZAuthenticationUITests */ = {
			isa = PBXGroup;
			children = (
				B485AE3D2435D8CD007685E6 /* MZAuthenticationUITests.m */,
				B485AE3F2435D8CD007685E6 /* Info.plist */,
			);
			path = MZAuthenticationUITests;
			sourceTree = "<group>";
		};
		B485AE4B2435D8EC007685E6 /* 身份认证(指纹、面容) */ = {
			isa = PBXGroup;
			children = (
				B485AE4C2435DA1C007685E6 /* MZAuthentication.h */,
				B485AE4D2435DA1C007685E6 /* MZAuthentication.m */,
			);
			path = "身份认证(指纹、面容)";
			sourceTree = "<group>";
		};
/* End PBXGroup section */

/* Begin PBXNativeTarget section */
		B485AE122435D8BF007685E6 /* MZAuthentication */ = {
			isa = PBXNativeTarget;
			buildConfigurationList = B485AE422435D8CD007685E6 /* Build configuration list for PBXNativeTarget "MZAuthentication" */;
			buildPhases = (
				B485AE0F2435D8BF007685E6 /* Sources */,
				B485AE102435D8BF007685E6 /* Frameworks */,
				B485AE112435D8BF007685E6 /* Resources */,
			);
			buildRules = (
			);
			dependencies = (
			);
			name = MZAuthentication;
			productName = MZFingerPrintVerify;
			productReference = B485AE132435D8BF007685E6 /* MZAuthentication.app */;
			productType = "com.apple.product-type.application";
		};
		B485AE2D2435D8CD007685E6 /* MZAuthenticationTests */ = {
			isa = PBXNativeTarget;
			buildConfigurationList = B485AE452435D8CD007685E6 /* Build configuration list for PBXNativeTarget "MZAuthenticationTests" */;
			buildPhases = (
				B485AE2A2435D8CD007685E6 /* Sources */,
				B485AE2B2435D8CD007685E6 /* Frameworks */,
				B485AE2C2435D8CD007685E6 /* Resources */,
			);
			buildRules = (
			);
			dependencies = (
				B485AE302435D8CD007685E6 /* PBXTargetDependency */,
			);
			name = MZAuthenticationTests;
			productName = MZFingerPrintVerifyTests;
			productReference = B485AE2E2435D8CD007685E6 /* MZAuthenticationTests.xctest */;
			productType = "com.apple.product-type.bundle.unit-test";
		};
		B485AE382435D8CD007685E6 /* MZAuthenticationUITests */ = {
			isa = PBXNativeTarget;
			buildConfigurationList = B485AE482435D8CD007685E6 /* Build configuration list for PBXNativeTarget "MZAuthenticationUITests" */;
			buildPhases = (
				B485AE352435D8CD007685E6 /* Sources */,
				B485AE362435D8CD007685E6 /* Frameworks */,
				B485AE372435D8CD007685E6 /* Resources */,
			);
			buildRules = (
			);
			dependencies = (
				B485AE3B2435D8CD007685E6 /* PBXTargetDependency */,
			);
			name = MZAuthenticationUITests;
			productName = MZFingerPrintVerifyUITests;
			productReference = B485AE392435D8CD007685E6 /* MZAuthenticationUITests.xctest */;
			productType = "com.apple.product-type.bundle.ui-testing";
		};
/* End PBXNativeTarget section */

/* Begin PBXProject section */
		B485AE0B2435D8BF007685E6 /* Project object */ = {
			isa = PBXProject;
			attributes = {
				LastUpgradeCheck = 1120;
				ORGANIZATIONNAME = Mr.Z;
				TargetAttributes = {
					B485AE122435D8BF007685E6 = {
						CreatedOnToolsVersion = 11.2.1;
					};
					B485AE2D2435D8CD007685E6 = {
						CreatedOnToolsVersion = 11.2.1;
						TestTargetID = B485AE122435D8BF007685E6;
					};
					B485AE382435D8CD007685E6 = {
						CreatedOnToolsVersion = 11.2.1;
						TestTargetID = B485AE122435D8BF007685E6;
					};
				};
			};
			buildConfigurationList = B485AE0E2435D8BF007685E6 /* Build configuration list for PBXProject "MZAuthentication" */;
			compatibilityVersion = "Xcode 9.3";
			developmentRegion = en;
			hasScannedForEncodings = 0;
			knownRegions = (
				en,
				Base,
			);
			mainGroup = B485AE0A2435D8BF007685E6;
			productRefGroup = B485AE142435D8BF007685E6 /* Products */;
			projectDirPath = "";
			projectRoot = "";
			targets = (
				B485AE122435D8BF007685E6 /* MZAuthentication */,
				B485AE2D2435D8CD007685E6 /* MZAuthenticationTests */,
				B485AE382435D8CD007685E6 /* MZAuthenticationUITests */,
			);
		};
/* End PBXProject section */

/* Begin PBXResourcesBuildPhase section */
		B485AE112435D8BF007685E6 /* Resources */ = {
			isa = PBXResourcesBuildPhase;
			buildActionMask = 2147483647;
			files = (
				B485AE262435D8CD007685E6 /* LaunchScreen.storyboard in Resources */,
				B485AE232435D8CD007685E6 /* Assets.xcassets in Resources */,
				B485AE212435D8C0007685E6 /* Main.storyboard in Resources */,
			);
			runOnlyForDeploymentPostprocessing = 0;
		};
		B485AE2C2435D8CD007685E6 /* Resources */ = {
			isa = PBXResourcesBuildPhase;
			buildActionMask = 2147483647;
			files = (
			);
			runOnlyForDeploymentPostprocessing = 0;
		};
		B485AE372435D8CD007685E6 /* Resources */ = {
			isa = PBXResourcesBuildPhase;
			buildActionMask = 2147483647;
			files = (
			);
			runOnlyForDeploymentPostprocessing = 0;
		};
/* End PBXResourcesBuildPhase section */

/* Begin PBXSourcesBuildPhase section */
		B485AE0F2435D8BF007685E6 /* Sources */ = {
			isa = PBXSourcesBuildPhase;
			buildActionMask = 2147483647;
			files = (
				B485AE1E2435D8BF007685E6 /* ViewController.m in Sources */,
				B485AE182435D8BF007685E6 /* AppDelegate.m in Sources */,
				B485AE292435D8CD007685E6 /* main.m in Sources */,
				B485AE1B2435D8BF007685E6 /* SceneDelegate.m in Sources */,
				B485AE4E2435DA1C007685E6 /* MZAuthentication.m in Sources */,
			);
			runOnlyForDeploymentPostprocessing = 0;
		};
		B485AE2A2435D8CD007685E6 /* Sources */ = {
			isa = PBXSourcesBuildPhase;
			buildActionMask = 2147483647;
			files = (
				B485AE332435D8CD007685E6 /* MZAuthenticationTests.m in Sources */,
			);
			runOnlyForDeploymentPostprocessing = 0;
		};
		B485AE352435D8CD007685E6 /* Sources */ = {
			isa = PBXSourcesBuildPhase;
			buildActionMask = 2147483647;
			files = (
				B485AE3E2435D8CD007685E6 /* MZAuthenticationUITests.m in Sources */,
			);
			runOnlyForDeploymentPostprocessing = 0;
		};
/* End PBXSourcesBuildPhase section */

/* Begin PBXTargetDependency section */
		B485AE302435D8CD007685E6 /* PBXTargetDependency */ = {
			isa = PBXTargetDependency;
			target = B485AE122435D8BF007685E6 /* MZAuthentication */;
			targetProxy = B485AE2F2435D8CD007685E6 /* PBXContainerItemProxy */;
		};
		B485AE3B2435D8CD007685E6 /* PBXTargetDependency */ = {
			isa = PBXTargetDependency;
			target = B485AE122435D8BF007685E6 /* MZAuthentication */;
			targetProxy = B485AE3A2435D8CD007685E6 /* PBXContainerItemProxy */;
		};
/* End PBXTargetDependency section */

/* Begin PBXVariantGroup section */
		B485AE1F2435D8C0007685E6 /* Main.storyboard */ = {
			isa = PBXVariantGroup;
			children = (
				B485AE202435D8C0007685E6 /* Base */,
			);
			name = Main.storyboard;
			sourceTree = "<group>";
		};
		B485AE242435D8CD007685E6 /* LaunchScreen.storyboard */ = {
			isa = PBXVariantGroup;
			children = (
				B485AE252435D8CD007685E6 /* Base */,
			);
			name = LaunchScreen.storyboard;
			sourceTree = "<group>";
		};
/* End PBXVariantGroup section */

/* Begin XCBuildConfiguration section */
		B485AE402435D8CD007685E6 /* Debug */ = {
			isa = XCBuildConfiguration;
			buildSettings = {
				ALWAYS_SEARCH_USER_PATHS = NO;
				CLANG_ANALYZER_NONNULL = YES;
				CLANG_ANALYZER_NUMBER_OBJECT_CONVERSION = YES_AGGRESSIVE;
				CLANG_CXX_LANGUAGE_STANDARD = "gnu++14";
				CLANG_CXX_LIBRARY = "libc++";
				CLANG_ENABLE_MODULES = YES;
				CLANG_ENABLE_OBJC_ARC = YES;
				CLANG_ENABLE_OBJC_WEAK = YES;
				CLANG_WARN_BLOCK_CAPTURE_AUTORELEASING = YES;
				CLANG_WARN_BOOL_CONVERSION = YES;
				CLANG_WARN_COMMA = YES;
				CLANG_WARN_CONSTANT_CONVERSION = YES;
				CLANG_WARN_DEPRECATED_OBJC_IMPLEMENTATIONS = YES;
				CLANG_WARN_DIRECT_OBJC_ISA_USAGE = YES_ERROR;
				CLANG_WARN_DOCUMENTATION_COMMENTS = YES;
				CLANG_WARN_EMPTY_BODY = YES;
				CLANG_WARN_ENUM_CONVERSION = YES;
				CLANG_WARN_INFINITE_RECURSION = YES;
				CLANG_WARN_INT_CONVERSION = YES;
				CLANG_WARN_NON_LITERAL_NULL_CONVERSION = YES;
				CLANG_WARN_OBJC_IMPLICIT_RETAIN_SELF = YES;
				CLANG_WARN_OBJC_LITERAL_CONVERSION = YES;
				CLANG_WARN_OBJC_ROOT_CLASS = YES_ERROR;
				CLANG_WARN_RANGE_LOOP_ANALYSIS = YES;
				CLANG_WARN_STRICT_PROTOTYPES = YES;
				CLANG_WARN_SUSPICIOUS_MOVE = YES;
				CLANG_WARN_UNGUARDED_AVAILABILITY = YES_AGGRESSIVE;
				CLANG_WARN_UNREACHABLE_CODE = YES;
				CLANG_WARN__DUPLICATE_METHOD_MATCH = YES;
				COPY_PHASE_STRIP = NO;
				DEBUG_INFORMATION_FORMAT = dwarf;
				ENABLE_STRICT_OBJC_MSGSEND = YES;
				ENABLE_TESTABILITY = YES;
				GCC_C_LANGUAGE_STANDARD = gnu11;
				GCC_DYNAMIC_NO_PIC = NO;
				GCC_NO_COMMON_BLOCKS = YES;
				GCC_OPTIMIZATION_LEVEL = 0;
				GCC_PREPROCESSOR_DEFINITIONS = (
					"DEBUG=1",
					"$(inherited)",
				);
				GCC_WARN_64_TO_32_BIT_CONVERSION = YES;
				GCC_WARN_ABOUT_RETURN_TYPE = YES_ERROR;
				GCC_WARN_UNDECLARED_SELECTOR = YES;
				GCC_WARN_UNINITIALIZED_AUTOS = YES_AGGRESSIVE;
				GCC_WARN_UNUSED_FUNCTION = YES;
				GCC_WARN_UNUSED_VARIABLE = YES;
				IPHONEOS_DEPLOYMENT_TARGET = 13.2;
				MTL_ENABLE_DEBUG_INFO = INCLUDE_SOURCE;
				MTL_FAST_MATH = YES;
				ONLY_ACTIVE_ARCH = YES;
				SDKROOT = iphoneos;
			};
			name = Debug;
		};
		B485AE412435D8CD007685E6 /* Release */ = {
			isa = XCBuildConfiguration;
			buildSettings = {
				ALWAYS_SEARCH_USER_PATHS = NO;
				CLANG_ANALYZER_NONNULL = YES;
				CLANG_ANALYZER_NUMBER_OBJECT_CONVERSION = YES_AGGRESSIVE;
				CLANG_CXX_LANGUAGE_STANDARD = "gnu++14";
				CLANG_CXX_LIBRARY = "libc++";
				CLANG_ENABLE_MODULES = YES;
				CLANG_ENABLE_OBJC_ARC = YES;
				CLANG_ENABLE_OBJC_WEAK = YES;
				CLANG_WARN_BLOCK_CAPTURE_AUTORELEASING = YES;
				CLANG_WARN_BOOL_CONVERSION = YES;
				CLANG_WARN_COMMA = YES;
				CLANG_WARN_CONSTANT_CONVERSION = YES;
				CLANG_WARN_DEPRECATED_OBJC_IMPLEMENTATIONS = YES;
				CLANG_WARN_DIRECT_OBJC_ISA_USAGE = YES_ERROR;
				CLANG_WARN_DOCUMENTATION_COMMENTS = YES;
				CLANG_WARN_EMPTY_BODY = YES;
				CLANG_WARN_ENUM_CONVERSION = YES;
				CLANG_WARN_INFINITE_RECURSION = YES;
				CLANG_WARN_INT_CONVERSION = YES;
				CLANG_WARN_NON_LITERAL_NULL_CONVERSION = YES;
				CLANG_WARN_OBJC_IMPLICIT_RETAIN_SELF = YES;
				CLANG_WARN_OBJC_LITERAL_CONVERSION = YES;
				CLANG_WARN_OBJC_ROOT_CLASS = YES_ERROR;
				CLANG_WARN_RANGE_LOOP_ANALYSIS = YES;
				CLANG_WARN_STRICT_PROTOTYPES = YES;
				CLANG_WARN_SUSPICIOUS_MOVE = YES;
				CLANG_WARN_UNGUARDED_AVAILABILITY = YES_AGGRESSIVE;
				CLANG_WARN_UNREACHABLE_CODE = YES;
				CLANG_WARN__DUPLICATE_METHOD_MATCH = YES;
				COPY_PHASE_STRIP = NO;
				DEBUG_INFORMATION_FORMAT = "dwarf-with-dsym";
				ENABLE_NS_ASSERTIONS = NO;
				ENABLE_STRICT_OBJC_MSGSEND = YES;
				GCC_C_LANGUAGE_STANDARD = gnu11;
				GCC_NO_COMMON_BLOCKS = YES;
				GCC_WARN_64_TO_32_BIT_CONVERSION = YES;
				GCC_WARN_ABOUT_RETURN_TYPE = YES_ERROR;
				GCC_WARN_UNDECLARED_SELECTOR = YES;
				GCC_WARN_UNINITIALIZED_AUTOS = YES_AGGRESSIVE;
				GCC_WARN_UNUSED_FUNCTION = YES;
				GCC_WARN_UNUSED_VARIABLE = YES;
				IPHONEOS_DEPLOYMENT_TARGET = 13.2;
				MTL_ENABLE_DEBUG_INFO = NO;
				MTL_FAST_MATH = YES;
				SDKROOT = iphoneos;
				VALIDATE_PRODUCT = YES;
			};
			name = Release;
		};
		B485AE432435D8CD007685E6 /* Debug */ = {
			isa = XCBuildConfiguration;
			buildSettings = {
				ASSETCATALOG_COMPILER_APPICON_NAME = AppIcon;
				CODE_SIGN_STYLE = Automatic;
				DEVELOPMENT_TEAM = 4GKD84VMPR;
				INFOPLIST_FILE = MZAuthentication/Info.plist;
				IPHONEOS_DEPLOYMENT_TARGET = 11.0;
				LD_RUNPATH_SEARCH_PATHS = (
					"$(inherited)",
					"@executable_path/Frameworks",
				);
				MARKETING_VERSION = 1.0.0;
				PRODUCT_BUNDLE_IDENTIFIER = com.git.mz.MZAuthentication;
				PRODUCT_NAME = "$(TARGET_NAME)";
				TARGETED_DEVICE_FAMILY = "1,2";
			};
			name = Debug;
		};
		B485AE442435D8CD007685E6 /* Release */ = {
			isa = XCBuildConfiguration;
			buildSettings = {
				ASSETCATALOG_COMPILER_APPICON_NAME = AppIcon;
				CODE_SIGN_STYLE = Automatic;
				DEVELOPMENT_TEAM = 4GKD84VMPR;
				INFOPLIST_FILE = MZAuthentication/Info.plist;
				IPHONEOS_DEPLOYMENT_TARGET = 11.0;
				LD_RUNPATH_SEARCH_PATHS = (
					"$(inherited)",
					"@executable_path/Frameworks",
				);
				MARKETING_VERSION = 1.0.0;
				PRODUCT_BUNDLE_IDENTIFIER = com.git.mz.MZAuthentication;
				PRODUCT_NAME = "$(TARGET_NAME)";
				TARGETED_DEVICE_FAMILY = "1,2";
			};
			name = Release;
		};
		B485AE462435D8CD007685E6 /* Debug */ = {
			isa = XCBuildConfiguration;
			buildSettings = {
				BUNDLE_LOADER = "$(TEST_HOST)";
				CODE_SIGN_STYLE = Automatic;
				INFOPLIST_FILE = MZAuthenticationTests/Info.plist;
				IPHONEOS_DEPLOYMENT_TARGET = 13.2;
				LD_RUNPATH_SEARCH_PATHS = (
					"$(inherited)",
					"@executable_path/Frameworks",
					"@loader_path/Frameworks",
				);
				PRODUCT_BUNDLE_IDENTIFIER = com.git.mz.MZAuthenticationTests;
				PRODUCT_NAME = "$(TARGET_NAME)";
				TARGETED_DEVICE_FAMILY = "1,2";
				TEST_HOST = "$(BUILT_PRODUCTS_DIR)/MZAuthentication.app/MZAuthentication";
			};
			name = Debug;
		};
		B485AE472435D8CD007685E6 /* Release */ = {
			isa = XCBuildConfiguration;
			buildSettings = {
				BUNDLE_LOADER = "$(TEST_HOST)";
				CODE_SIGN_STYLE = Automatic;
				INFOPLIST_FILE = MZAuthenticationTests/Info.plist;
				IPHONEOS_DEPLOYMENT_TARGET = 13.2;
				LD_RUNPATH_SEARCH_PATHS = (
					"$(inherited)",
					"@executable_path/Frameworks",
					"@loader_path/Frameworks",
				);
				PRODUCT_BUNDLE_IDENTIFIER = com.git.mz.MZAuthenticationTests;
				PRODUCT_NAME = "$(TARGET_NAME)";
				TARGETED_DEVICE_FAMILY = "1,2";
				TEST_HOST = "$(BUILT_PRODUCTS_DIR)/MZAuthentication.app/MZAuthentication";
			};
			name = Release;
		};
		B485AE492435D8CD007685E6 /* Debug */ = {
			isa = XCBuildConfiguration;
			buildSettings = {
				CODE_SIGN_STYLE = Automatic;
				INFOPLIST_FILE = MZAuthenticationUITests/Info.plist;
				LD_RUNPATH_SEARCH_PATHS = (
					"$(inherited)",
					"@executable_path/Frameworks",
					"@loader_path/Frameworks",
				);
				PRODUCT_BUNDLE_IDENTIFIER = com.git.mz.MZAuthenticationUITests;
				PRODUCT_NAME = "$(TARGET_NAME)";
				TARGETED_DEVICE_FAMILY = "1,2";
				TEST_TARGET_NAME = MZAuthentication;
			};
			name = Debug;
		};
		B485AE4A2435D8CD007685E6 /* Release */ = {
			isa = XCBuildConfiguration;
			buildSettings = {
				CODE_SIGN_STYLE = Automatic;
				INFOPLIST_FILE = MZAuthenticationUITests/Info.plist;
				LD_RUNPATH_SEARCH_PATHS = (
					"$(inherited)",
					"@executable_path/Frameworks",
					"@loader_path/Frameworks",
				);
				PRODUCT_BUNDLE_IDENTIFIER = com.git.mz.MZAuthenticationUITests;
				PRODUCT_NAME = "$(TARGET_NAME)";
				TARGETED_DEVICE_FAMILY = "1,2";
				TEST_TARGET_NAME = MZAuthentication;
			};
			name = Release;
		};
/* End XCBuildConfiguration section */

/* Begin XCConfigurationList section */
		B485AE0E2435D8BF007685E6 /* Build configuration list for PBXProject "MZAuthentication" */ = {
			isa = XCConfigurationList;
			buildConfigurations = (
				B485AE402435D8CD007685E6 /* Debug */,
				B485AE412435D8CD007685E6 /* Release */,
			);
			defaultConfigurationIsVisible = 0;
			defaultConfigurationName = Release;
		};
		B485AE422435D8CD007685E6 /* Build configuration list for PBXNativeTarget "MZAuthentication" */ = {
			isa = XCConfigurationList;
			buildConfigurations = (
				B485AE432435D8CD007685E6 /* Debug */,
				B485AE442435D8CD007685E6 /* Release */,
			);
			defaultConfigurationIsVisible = 0;
			defaultConfigurationName = Release;
		};
		B485AE452435D8CD007685E6 /* Build configuration list for PBXNativeTarget "MZAuthenticationTests" */ = {
			isa = XCConfigurationList;
			buildConfigurations = (
				B485AE462435D8CD007685E6 /* Debug */,
				B485AE472435D8CD007685E6 /* Release */,
			);
			defaultConfigurationIsVisible = 0;
			defaultConfigurationName = Release;
		};
		B485AE482435D8CD007685E6 /* Build configuration list for PBXNativeTarget "MZAuthenticationUITests" */ = {
			isa = XCConfigurationList;
			buildConfigurations = (
				B485AE492435D8CD007685E6 /* Debug */,
				B485AE4A2435D8CD007685E6 /* Release */,
			);
			defaultConfigurationIsVisible = 0;
			defaultConfigurationName = Release;
		};
/* End XCConfigurationList section */
	};
	rootObject = B485AE0B2435D8BF007685E6 /* Project object */;
}
